%{
  "axon": {:git, "https://github.com/elixir-nx/axon.git", "f90e5ac8cc7e365749c180a398a6ac0bb8c4e00b", []},
  "bandit": {:hex, :bandit, "1.5.5", "df28f1c41f745401fe9e85a6882033f5f3442ab6d30c8a2948554062a4ab56e0", [:mix], [{:hpax, "~> 0.2.0", [hex: :hpax, repo: "hexpm", optional: false]}, {:plug, "~> 1.14", [hex: :plug, repo: "hexpm", optional: false]}, {:telemetry, "~> 0.4 or ~> 1.0", [hex: :telemetry, repo: "hexpm", optional: false]}, {:thousand_island, "~> 1.0", [hex: :thousand_island, repo: "hexpm", optional: false]}, {:websock, "~> 0.5", [hex: :websock, repo: "hexpm", optional: false]}], "hexpm", "f21579a29ea4bc08440343b2b5f16f7cddf2fea5725d31b72cf973ec729079e1"},
  "bumblebee": {:git, "https://github.com/elixir-nx/bumblebee.git", "78a7dcf79b7859ceeabfc5c1d53d6281bac8215b", []},
  "castore": {:hex, :castore, "1.0.8", "dedcf20ea746694647f883590b82d9e96014057aff1d44d03ec90f36a5c0dc6e", [:mix], [], "hexpm", "0b2b66d2ee742cb1d9cb8c8be3b43c3a70ee8651f37b75a8b982e036752983f1"},
  "complex": {:hex, :complex, "0.5.0", "af2d2331ff6170b61bb738695e481b27a66780e18763e066ee2cd863d0b1dd92", [:mix], [], "hexpm", "2683bd3c184466cfb94fad74cbfddfaa94b860e27ad4ca1bffe3bff169d91ef1"},
  "decimal": {:hex, :decimal, "2.1.1", "5611dca5d4b2c3dd497dec8f68751f1f1a54755e8ed2a966c2633cf885973ad6", [:mix], [], "hexpm", "53cfe5f497ed0e7771ae1a475575603d77425099ba5faef9394932b35020ffcc"},
  "elixir_make": {:hex, :elixir_make, "0.8.4", "4960a03ce79081dee8fe119d80ad372c4e7badb84c493cc75983f9d3bc8bde0f", [:mix], [{:castore, "~> 0.1 or ~> 1.0", [hex: :castore, repo: "hexpm", optional: true]}, {:certifi, "~> 2.0", [hex: :certifi, repo: "hexpm", optional: true]}], "hexpm", "6e7f1d619b5f61dfabd0a20aa268e575572b542ac31723293a4c1a567d5ef040"},
  "exla": {:hex, :exla, "0.7.3", "51310270a0976974fc758f7b28ebd6ca8e099b3d6fc78b0d484c808e977cb914", [:make, :mix], [{:elixir_make, "~> 0.6", [hex: :elixir_make, repo: "hexpm", optional: false]}, {:nimble_pool, "~> 1.0", [hex: :nimble_pool, repo: "hexpm", optional: false]}, {:nx, "~> 0.7.1", [hex: :nx, repo: "hexpm", optional: false]}, {:telemetry, "~> 0.4.0 or ~> 1.0", [hex: :telemetry, repo: "hexpm", optional: false]}, {:xla, "~> 0.6.0", [hex: :xla, repo: "hexpm", optional: false]}], "hexpm", "5b3d5741a24aada21d3b0feb4b99d1fc3c8457f995a63ea16684d8d5678b96ff"},
  "hpax": {:hex, :hpax, "0.2.0", "5a58219adcb75977b2edce5eb22051de9362f08236220c9e859a47111c194ff5", [:mix], [], "hexpm", "bea06558cdae85bed075e6c036993d43cd54d447f76d8190a8db0dc5893fa2f1"},
  "jason": {:hex, :jason, "1.4.4", "b9226785a9aa77b6857ca22832cffa5d5011a667207eb2a0ad56adb5db443b8a", [:mix], [{:decimal, "~> 1.0 or ~> 2.0", [hex: :decimal, repo: "hexpm", optional: true]}], "hexpm", "c5eb0cab91f094599f94d55bc63409236a8ec69a21a67814529e8d5f6cc90b3b"},
  "mime": {:hex, :mime, "2.0.6", "8f18486773d9b15f95f4f4f1e39b710045fa1de891fada4516559967276e4dc2", [:mix], [], "hexpm", "c9945363a6b26d747389aac3643f8e0e09d30499a138ad64fe8fd1d13d9b153e"},
  "nimble_options": {:hex, :nimble_options, "1.1.1", "e3a492d54d85fc3fd7c5baf411d9d2852922f66e69476317787a7b2bb000a61b", [:mix], [], "hexpm", "821b2470ca9442c4b6984882fe9bb0389371b8ddec4d45a9504f00a66f650b44"},
  "nimble_pool": {:hex, :nimble_pool, "1.1.0", "bf9c29fbdcba3564a8b800d1eeb5a3c58f36e1e11d7b7fb2e084a643f645f06b", [:mix], [], "hexpm", "af2e4e6b34197db81f7aad230c1118eac993acc0dae6bc83bac0126d4ae0813a"},
  "nx": {:hex, :nx, "0.7.3", "51ff45d9f9ff58b616f4221fa54ccddda98f30319bb8caaf86695234a469017a", [:mix], [{:complex, "~> 0.5", [hex: :complex, repo: "hexpm", optional: false]}, {:telemetry, "~> 0.4.0 or ~> 1.0", [hex: :telemetry, repo: "hexpm", optional: false]}], "hexpm", "5ff29af84f08db9bda66b8ef7ce92ab583ab4f983629fe00b479f1e5c7c705a6"},
  "nx_image": {:hex, :nx_image, "0.1.2", "0c6e3453c1dc30fc80c723a54861204304cebc8a89ed3b806b972c73ee5d119d", [:mix], [{:nx, "~> 0.4", [hex: :nx, repo: "hexpm", optional: false]}], "hexpm", "9161863c42405ddccb6dbbbeae078ad23e30201509cc804b3b3a7c9e98764b81"},
  "nx_signal": {:hex, :nx_signal, "0.2.0", "e1ca0318877b17c81ce8906329f5125f1e2361e4c4235a5baac8a95ee88ea98e", [:mix], [{:nx, "~> 0.6", [hex: :nx, repo: "hexpm", optional: false]}], "hexpm", "7247e5e18a177a59c4cb5355952900c62fdeadeb2bad02a9a34237b68744e2bb"},
  "plug": {:hex, :plug, "1.16.1", "40c74619c12f82736d2214557dedec2e9762029b2438d6d175c5074c933edc9d", [:mix], [{:mime, "~> 1.0 or ~> 2.0", [hex: :mime, repo: "hexpm", optional: false]}, {:plug_crypto, "~> 1.1.1 or ~> 1.2 or ~> 2.0", [hex: :plug_crypto, repo: "hexpm", optional: false]}, {:telemetry, "~> 0.4.3 or ~> 1.0", [hex: :telemetry, repo: "hexpm", optional: false]}], "hexpm", "a13ff6b9006b03d7e33874945b2755253841b238c34071ed85b0e86057f8cddc"},
  "plug_crypto": {:hex, :plug_crypto, "2.1.0", "f44309c2b06d249c27c8d3f65cfe08158ade08418cf540fd4f72d4d6863abb7b", [:mix], [], "hexpm", "131216a4b030b8f8ce0f26038bc4421ae60e4bb95c5cf5395e1421437824c4fa"},
  "polaris": {:hex, :polaris, "0.1.0", "dca61b18e3e801ecdae6ac9f0eca5f19792b44a5cb4b8d63db50fc40fc038d22", [:mix], [{:nx, "~> 0.5", [hex: :nx, repo: "hexpm", optional: false]}], "hexpm", "13ef2b166650e533cb24b10e2f3b8ab4f2f449ba4d63156e8c569527f206e2c2"},
  "progress_bar": {:hex, :progress_bar, "3.0.0", "f54ff038c2ac540cfbb4c2bfe97c75e7116ead044f3c2b10c9f212452194b5cd", [:mix], [{:decimal, "~> 2.0", [hex: :decimal, repo: "hexpm", optional: false]}], "hexpm", "6981c2b25ab24aecc91a2dc46623658e1399c21a2ae24db986b90d678530f2b7"},
  "rustler_precompiled": {:hex, :rustler_precompiled, "0.7.2", "097f657e401f02e7bc1cab808cfc6abdc1f7b9dc5e5adee46bf2fd8fdcce9ecf", [:mix], [{:castore, "~> 0.1 or ~> 1.0", [hex: :castore, repo: "hexpm", optional: false]}, {:rustler, "~> 0.23", [hex: :rustler, repo: "hexpm", optional: true]}], "hexpm", "7663faaeadc9e93e605164dcf9e69168e35f2f8b7f2b9eb4e400d1a8e0fe2999"},
  "safetensors": {:hex, :safetensors, "0.1.3", "7ff3c22391e213289c713898481d492c9c28a49ab1d0705b72630fb8360426b2", [:mix], [{:jason, "~> 1.4", [hex: :jason, repo: "hexpm", optional: false]}, {:nx, "~> 0.5", [hex: :nx, repo: "hexpm", optional: false]}], "hexpm", "fe50b53ea59fde4e723dd1a2e31cfdc6013e69343afac84c6be86d6d7c562c14"},
  "telemetry": {:hex, :telemetry, "1.2.1", "68fdfe8d8f05a8428483a97d7aab2f268aaff24b49e0f599faa091f1d4e7f61c", [:rebar3], [], "hexpm", "dad9ce9d8effc621708f99eac538ef1cbe05d6a874dd741de2e689c47feafed5"},
  "thousand_island": {:hex, :thousand_island, "1.3.5", "6022b6338f1635b3d32406ff98d68b843ba73b3aa95cfc27154223244f3a6ca5", [:mix], [{:telemetry, "~> 0.4 or ~> 1.0", [hex: :telemetry, repo: "hexpm", optional: false]}], "hexpm", "2be6954916fdfe4756af3239fb6b6d75d0b8063b5df03ba76fd8a4c87849e180"},
  "tokenizers": {:hex, :tokenizers, "0.5.0", "9944bba07d0b92bbfb0b8f3eef5d3694e8582a84f4154f1c447ca091a303b82d", [:mix], [{:castore, "~> 0.1 or ~> 1.0", [hex: :castore, repo: "hexpm", optional: false]}, {:rustler, ">= 0.0.0", [hex: :rustler, repo: "hexpm", optional: true]}, {:rustler_precompiled, "~> 0.6", [hex: :rustler_precompiled, repo: "hexpm", optional: false]}], "hexpm", "9791879ce694f6ddd0df004d4dfa598ba406c516f8a7ad2162c84cb0f0b7a62f"},
  "unpickler": {:hex, :unpickler, "0.1.0", "c2262c0819e6985b761e7107546cef96a485f401816be5304a65fdd200d5bd6a", [:mix], [], "hexpm", "e2b3f61e62406187ac52afead8a63bfb4e49394028993f3c4c42712743cab79e"},
  "unzip": {:hex, :unzip, "0.10.0", "374e0059e48e982076f3fd22cd4817ab11016c1bae3f09421511901ddda95c5c", [:mix], [], "hexpm", "101c06b0fa97a858a83beb618f4bc20370624f73ab3954f756d9b52194056de6"},
  "websock": {:hex, :websock, "0.5.3", "2f69a6ebe810328555b6fe5c831a851f485e303a7c8ce6c5f675abeb20ebdadc", [:mix], [], "hexpm", "6105453d7fac22c712ad66fab1d45abdf049868f253cf719b625151460b8b453"},
  "xla": {:hex, :xla, "0.6.0", "67bb7695efa4a23b06211dc212de6a72af1ad5a9e17325e05e0a87e4c241feb8", [:make, :mix], [{:elixir_make, "~> 0.4", [hex: :elixir_make, repo: "hexpm", optional: false]}], "hexpm", "dd074daf942312c6da87c7ed61b62fb1a075bced157f1cc4d47af2d7c9f44fb7"},
}
